
Microsoft Visual Studio Solution File, Format Version 12.00
# Visual Studio Version 16
VisualStudioVersion = 16.0.35425.106
MinimumVisualStudioVersion = 10.0.40219.1
Project("{8BC9CEB8-8B4A-11D0-8D11-00A0C91BC942}") = "multiview", "multiview\multiview.vcxproj", "{30A29C74-5E22-4156-8CDC-5296BCCC5032}"
EndProject
Project("{8BC9CEB8-8B4A-11D0-8D11-00A0C91BC942}") = "point_cloud", "point_cloud\testreadpcd.vcxproj", "{ECEDEC5D-E301-4655-A402-1326F1F7FE8C}"
EndProject
Project("{8BC9CEB8-8B4A-11D0-8D11-00A0C91BC942}") = "point_icp", "point_icp\point_icp.vcxproj", "{53811353-B75A-419A-9BCB-B045ED276D69}"
EndProject
Project("{8BC9CEB8-8B4A-11D0-8D11-00A0C91BC942}") = "point_merge", "point_merge\point_merge.vcxproj", "{EB63A00F-8276-4751-900E-AADA430E6C75}"
EndProject
Project("{8BC9CEB8-8B4A-11D0-8D11-00A0C91BC942}") = "fliter_rgb", "fliter_RGB\fliter_rgb.vcxproj", "{DCAD9C77-5FFF-4F81-AD64-DDC9894899AF}"
EndProject
Project("{8BC9CEB8-8B4A-11D0-8D11-00A0C91BC942}") = "virtualcamera", "virtualcamera\virtualcamera.vcxproj", "{BAB6D85A-C1C1-48E2-899A-BE7486B3FEA4}"
EndProject
Project("{8BC9CEB8-8B4A-11D0-8D11-00A0C91BC942}") = "Generateimages", "ImageTool9030\Generateimages.vcxproj", "{A8969A6F-F6F9-4B02-9C4D-E51D94C4BE6E}"
EndProject
Project("{8BC9CEB8-8B4A-11D0-8D11-00A0C91BC942}") = "Holo", "Holo\Holo.vcxproj", "{525CB48E-D802-4E31-9187-06615CD0807B}"
EndProject
Global
	GlobalSection(SolutionConfigurationPlatforms) = preSolution
		Debug|Win32 = Debug|Win32
		Debug|x64 = Debug|x64
		Release|Win32 = Release|Win32
		Release|x64 = Release|x64
	EndGlobalSection
	GlobalSection(ProjectConfigurationPlatforms) = postSolution
		{30A29C74-5E22-4156-8CDC-5296BCCC5032}.Debug|Win32.ActiveCfg = Release|x64
		{30A29C74-5E22-4156-8CDC-5296BCCC5032}.Debug|Win32.Build.0 = Release|x64
		{30A29C74-5E22-4156-8CDC-5296BCCC5032}.Debug|x64.ActiveCfg = Debug|x64
		{30A29C74-5E22-4156-8CDC-5296BCCC5032}.Debug|x64.Build.0 = Debug|x64
		{30A29C74-5E22-4156-8CDC-5296BCCC5032}.Release|Win32.ActiveCfg = Release|x64
		{30A29C74-5E22-4156-8CDC-5296BCCC5032}.Release|Win32.Build.0 = Release|x64
		{30A29C74-5E22-4156-8CDC-5296BCCC5032}.Release|x64.ActiveCfg = Release|x64
		{30A29C74-5E22-4156-8CDC-5296BCCC5032}.Release|x64.Build.0 = Release|x64
		{ECEDEC5D-E301-4655-A402-1326F1F7FE8C}.Debug|Win32.ActiveCfg = Release|x64
		{ECEDEC5D-E301-4655-A402-1326F1F7FE8C}.Debug|Win32.Build.0 = Release|x64
		{ECEDEC5D-E301-4655-A402-1326F1F7FE8C}.Debug|x64.ActiveCfg = Debug|x64
		{ECEDEC5D-E301-4655-A402-1326F1F7FE8C}.Debug|x64.Build.0 = Debug|x64
		{ECEDEC5D-E301-4655-A402-1326F1F7FE8C}.Release|Win32.ActiveCfg = Release|x64
		{ECEDEC5D-E301-4655-A402-1326F1F7FE8C}.Release|Win32.Build.0 = Release|x64
		{ECEDEC5D-E301-4655-A402-1326F1F7FE8C}.Release|x64.ActiveCfg = Release|x64
		{ECEDEC5D-E301-4655-A402-1326F1F7FE8C}.Release|x64.Build.0 = Release|x64
		{53811353-B75A-419A-9BCB-B045ED276D69}.Debug|Win32.ActiveCfg = Release|x64
		{53811353-B75A-419A-9BCB-B045ED276D69}.Debug|Win32.Build.0 = Release|x64
		{53811353-B75A-419A-9BCB-B045ED276D69}.Debug|x64.ActiveCfg = Debug|x64
		{53811353-B75A-419A-9BCB-B045ED276D69}.Debug|x64.Build.0 = Debug|x64
		{53811353-B75A-419A-9BCB-B045ED276D69}.Release|Win32.ActiveCfg = Release|x64
		{53811353-B75A-419A-9BCB-B045ED276D69}.Release|Win32.Build.0 = Release|x64
		{53811353-B75A-419A-9BCB-B045ED276D69}.Release|x64.ActiveCfg = Release|x64
		{53811353-B75A-419A-9BCB-B045ED276D69}.Release|x64.Build.0 = Release|x64
		{EB63A00F-8276-4751-900E-AADA430E6C75}.Debug|Win32.ActiveCfg = Release|x64
		{EB63A00F-8276-4751-900E-AADA430E6C75}.Debug|Win32.Build.0 = Release|x64
		{EB63A00F-8276-4751-900E-AADA430E6C75}.Debug|x64.ActiveCfg = Debug|x64
		{EB63A00F-8276-4751-900E-AADA430E6C75}.Debug|x64.Build.0 = Debug|x64
		{EB63A00F-8276-4751-900E-AADA430E6C75}.Release|Win32.ActiveCfg = Release|x64
		{EB63A00F-8276-4751-900E-AADA430E6C75}.Release|Win32.Build.0 = Release|x64
		{EB63A00F-8276-4751-900E-AADA430E6C75}.Release|x64.ActiveCfg = Release|x64
		{EB63A00F-8276-4751-900E-AADA430E6C75}.Release|x64.Build.0 = Release|x64
		{DCAD9C77-5FFF-4F81-AD64-DDC9894899AF}.Debug|Win32.ActiveCfg = Debug|Win32
		{DCAD9C77-5FFF-4F81-AD64-DDC9894899AF}.Debug|Win32.Build.0 = Debug|Win32
		{DCAD9C77-5FFF-4F81-AD64-DDC9894899AF}.Debug|x64.ActiveCfg = Debug|x64
		{DCAD9C77-5FFF-4F81-AD64-DDC9894899AF}.Debug|x64.Build.0 = Debug|x64
		{DCAD9C77-5FFF-4F81-AD64-DDC9894899AF}.Release|Win32.ActiveCfg = Release|Win32
		{DCAD9C77-5FFF-4F81-AD64-DDC9894899AF}.Release|Win32.Build.0 = Release|Win32
		{DCAD9C77-5FFF-4F81-AD64-DDC9894899AF}.Release|x64.ActiveCfg = Release|x64
		{DCAD9C77-5FFF-4F81-AD64-DDC9894899AF}.Release|x64.Build.0 = Release|x64
		{BAB6D85A-C1C1-48E2-899A-BE7486B3FEA4}.Debug|Win32.ActiveCfg = Debug|Win32
		{BAB6D85A-C1C1-48E2-899A-BE7486B3FEA4}.Debug|Win32.Build.0 = Debug|Win32
		{BAB6D85A-C1C1-48E2-899A-BE7486B3FEA4}.Debug|x64.ActiveCfg = Debug|x64
		{BAB6D85A-C1C1-48E2-899A-BE7486B3FEA4}.Debug|x64.Build.0 = Debug|x64
		{BAB6D85A-C1C1-48E2-899A-BE7486B3FEA4}.Release|Win32.ActiveCfg = Release|Win32
		{BAB6D85A-C1C1-48E2-899A-BE7486B3FEA4}.Release|Win32.Build.0 = Release|Win32
		{BAB6D85A-C1C1-48E2-899A-BE7486B3FEA4}.Release|x64.ActiveCfg = Release|x64
		{BAB6D85A-C1C1-48E2-899A-BE7486B3FEA4}.Release|x64.Build.0 = Release|x64
		{A8969A6F-F6F9-4B02-9C4D-E51D94C4BE6E}.Debug|Win32.ActiveCfg = Debug|Win32
		{A8969A6F-F6F9-4B02-9C4D-E51D94C4BE6E}.Debug|Win32.Build.0 = Debug|Win32
		{A8969A6F-F6F9-4B02-9C4D-E51D94C4BE6E}.Debug|x64.ActiveCfg = Debug|x64
		{A8969A6F-F6F9-4B02-9C4D-E51D94C4BE6E}.Debug|x64.Build.0 = Debug|x64
		{A8969A6F-F6F9-4B02-9C4D-E51D94C4BE6E}.Release|Win32.ActiveCfg = Release|Win32
		{A8969A6F-F6F9-4B02-9C4D-E51D94C4BE6E}.Release|Win32.Build.0 = Release|Win32
		{A8969A6F-F6F9-4B02-9C4D-E51D94C4BE6E}.Release|x64.ActiveCfg = Release|x64
		{A8969A6F-F6F9-4B02-9C4D-E51D94C4BE6E}.Release|x64.Build.0 = Release|x64
		{525CB48E-D802-4E31-9187-06615CD0807B}.Debug|Win32.ActiveCfg = Debug|Win32
		{525CB48E-D802-4E31-9187-06615CD0807B}.Debug|Win32.Build.0 = Debug|Win32
		{525CB48E-D802-4E31-9187-06615CD0807B}.Debug|x64.ActiveCfg = Debug|x64
		{525CB48E-D802-4E31-9187-06615CD0807B}.Debug|x64.Build.0 = Debug|x64
		{525CB48E-D802-4E31-9187-06615CD0807B}.Release|Win32.ActiveCfg = Release|Win32
		{525CB48E-D802-4E31-9187-06615CD0807B}.Release|Win32.Build.0 = Release|Win32
		{525CB48E-D802-4E31-9187-06615CD0807B}.Release|x64.ActiveCfg = Release|x64
		{525CB48E-D802-4E31-9187-06615CD0807B}.Release|x64.Build.0 = Release|x64
	EndGlobalSection
	GlobalSection(SolutionProperties) = preSolution
		HideSolutionNode = FALSE
	EndGlobalSection
	GlobalSection(ExtensibilityGlobals) = postSolution
		SolutionGuid = {9EEC63AA-58D9-4BC6-9EC9-B3891FF834C0}
	EndGlobalSection
EndGlobal
